{
    "_meta": {
        "hash": {
            "sha256": "a7938d472ca4611af7564dab22d216f4a72d4d05b464c55295be41687ba8faad"
        },
        "pipfile-spec": 6,
        "requires": {
            "python_version": "3.6"
        },
        "sources": [
            {
                "name": "pypi",
                "url": "https://pypi.org/simple",
                "verify_ssl": true
            }
        ]
    },
    "default": {
        "django": {
            "hashes": [
                "sha256:3eb25c99df1523446ec2dc1b00e25eb2ecbdf42c9d8b0b8b32a204a8db9011f8",
                "sha256:69ff89fa3c3a8337015478a1a0744f52a9fef5d12c1efa01a01f99bcce9bf10c"
            ],
            "index": "pypi",
            "version": "==2.0.6"
        },
        "gunicorn": {
            "hashes": [
                "sha256:7ef2b828b335ed58e3b64ffa84caceb0a7dd7c5ca12f217241350dec36a1d5dc",
                "sha256:bc59005979efb6d2dd7d5ba72d99f8a8422862ad17ff3a16e900684630dd2a10"
            ],
            "index": "pypi",
            "version": "==19.8.1"
        },
        "pytz": {
            "hashes": [
                "sha256:65ae0c8101309c45772196b21b74c46b2e5d11b6275c45d251b150d5da334555",
                "sha256:c06425302f2cf668f1bba7a0a03f3c1d34d4ebeef2c72003da308b3947c7f749"
            ],
            "version": "==2018.4"
        }
    },
    "develop": {}
}
